
Microsoft Visual Studio Solution File, Format Version 12.00
# Visual Studio 15
VisualStudioVersion = 15.0.28307.168
MinimumVisualStudioVersion = 10.0.40219.1
Project("{54435603-DBB4-11D2-8724-00A0C9A8B90C}") = "ExcelSetup", "ExcelSetup\ExcelSetup.vdproj", "{0E50C46E-34FA-4B0A-9D30-2A309023F02F}"
EndProject
Project("{FAE04EC0-301F-11D3-BF4B-00C04F79EFBC}") = "FilterExcelDuplicates", "D:\FilterExcelDuplicates\FilterExcelDuplicates\FilterExcelDuplicates.csproj", "{7CD68C37-EEDC-4744-B58E-85613188F97E}"
EndProject
Global
	GlobalSection(SolutionConfigurationPlatforms) = preSolution
		Debug|Any CPU = Debug|Any CPU
		Release|Any CPU = Release|Any CPU
	EndGlobalSection
	GlobalSection(ProjectConfigurationPlatforms) = postSolution
		{0E50C46E-34FA-4B0A-9D30-2A309023F02F}.Debug|Any CPU.ActiveCfg = Debug
		{0E50C46E-34FA-4B0A-9D30-2A309023F02F}.Debug|Any CPU.Build.0 = Debug
		{0E50C46E-34FA-4B0A-9D30-2A309023F02F}.Release|Any CPU.ActiveCfg = Release
		{0E50C46E-34FA-4B0A-9D30-2A309023F02F}.Release|Any CPU.Build.0 = Release
		{7CD68C37-EEDC-4744-B58E-85613188F97E}.Debug|Any CPU.ActiveCfg = Debug|Any CPU
		{7CD68C37-EEDC-4744-B58E-85613188F97E}.Debug|Any CPU.Build.0 = Debug|Any CPU
		{7CD68C37-EEDC-4744-B58E-85613188F97E}.Release|Any CPU.ActiveCfg = Release|Any CPU
		{7CD68C37-EEDC-4744-B58E-85613188F97E}.Release|Any CPU.Build.0 = Release|Any CPU
	EndGlobalSection
	GlobalSection(SolutionProperties) = preSolution
		HideSolutionNode = FALSE
	EndGlobalSection
	GlobalSection(ExtensibilityGlobals) = postSolution
		SolutionGuid = {E2DBF4D4-9A29-4F9F-913B-065C49712448}
	EndGlobalSection
EndGlobal
